// !$*UTF8*$!
{
	archiveVersion = 1;
	classes = {
	};
	objectVersion = 50;
	objects = {

/* Begin PBXBuildFile section */
		84129FBE20EB14230072D9F0 /* AppDelegate.m in Sources */ = {isa = PBXBuildFile; fileRef = 84129FBD20EB14230072D9F0 /* AppDelegate.m */; };
		84129FC120EB14230072D9F0 /* ViewController.m in Sources */ = {isa = PBXBuildFile; fileRef = 84129FC020EB14230072D9F0 /* ViewController.m */; };
		84129FC420EB14230072D9F0 /* Main.storyboard in Resources */ = {isa = PBXBuildFile; fileRef = 84129FC220EB14230072D9F0 /* Main.storyboard */; };
		84129FC620EB14240072D9F0 /* Assets.xcassets in Resources */ = {isa = PBXBuildFile; fileRef = 84129FC520EB14240072D9F0 /* Assets.xcassets */; };
		84129FC920EB14240072D9F0 /* LaunchScreen.storyboard in Resources */ = {isa = PBXBuildFile; fileRef = 84129FC720EB14240072D9F0 /* LaunchScreen.storyboard */; };
		84129FCC20EB14240072D9F0 /* main.m in Sources */ = {isa = PBXBuildFile; fileRef = 84129FCB20EB14240072D9F0 /* main.m */; };
		84129FD620EB14240072D9F0 /* XDMenuViewExampleTests.m in Sources */ = {isa = PBXBuildFile; fileRef = 84129FD520EB14240072D9F0 /* XDMenuViewExampleTests.m */; };
		84129FE120EB14240072D9F0 /* XDMenuViewExampleUITests.m in Sources */ = {isa = PBXBuildFile; fileRef = 84129FE020EB14240072D9F0 /* XDMenuViewExampleUITests.m */; };
		84129FF320EB15220072D9F0 /* XDMenuView.m in Sources */ = {isa = PBXBuildFile; fileRef = 84129FEF20EB15220072D9F0 /* XDMenuView.m */; };
		84129FF420EB15220072D9F0 /* XDMenuPopoverBackgroundView.m in Sources */ = {isa = PBXBuildFile; fileRef = 84129FF220EB15220072D9F0 /* XDMenuPopoverBackgroundView.m */; };
		F50397C240B74B8E592F9A36 /* libPods-XDMenuViewExample.a in Frameworks */ = {isa = PBXBuildFile; fileRef = DE394260A5ACEE9F0B8AD845 /* libPods-XDMenuViewExample.a */; };
/* End PBXBuildFile section */

/* Begin PBXContainerItemProxy section */
		84129FD220EB14240072D9F0 /* PBXContainerItemProxy */ = {
			isa = PBXContainerItemProxy;
			containerPortal = 84129FB120EB14220072D9F0 /* Project object */;
			proxyType = 1;
			remoteGlobalIDString = 84129FB820EB14230072D9F0;
			remoteInfo = XDMenuViewExample;
		};
		84129FDD20EB14240072D9F0 /* PBXContainerItemProxy */ = {
			isa = PBXContainerItemProxy;
			containerPortal = 84129FB120EB14220072D9F0 /* Project object */;
			proxyType = 1;
			remoteGlobalIDString = 84129FB820EB14230072D9F0;
			remoteInfo = XDMenuViewExample;
		};
/* End PBXContainerItemProxy section */

/* Begin PBXFileReference section */
		84129FB920EB14230072D9F0 /* XDMenuViewExample.app */ = {isa = PBXFileReference; explicitFileType = wrapper.application; includeInIndex = 0; path = XDMenuViewExample.app; sourceTree = BUILT_PRODUCTS_DIR; };
		84129FBC20EB14230072D9F0 /* AppDelegate.h */ = {isa = PBXFileReference; lastKnownFileType = sourcecode.c.h; path = AppDelegate.h; sourceTree = "<group>"; };
		84129FBD20EB14230072D9F0 /* AppDelegate.m */ = {isa = PBXFileReference; lastKnownFileType = sourcecode.c.objc; path = AppDelegate.m; sourceTree = "<group>"; };
		84129FBF20EB14230072D9F0 /* ViewController.h */ = {isa = PBXFileReference; lastKnownFileType = sourcecode.c.h; path = ViewController.h; sourceTree = "<group>"; };
		84129FC020EB14230072D9F0 /* ViewController.m */ = {isa = PBXFileReference; lastKnownFileType = sourcecode.c.objc; path = ViewController.m; sourceTree = "<group>"; };
		84129FC320EB14230072D9F0 /* Base */ = {isa = PBXFileReference; lastKnownFileType = file.storyboard; name = Base; path = Base.lproj/Main.storyboard; sourceTree = "<group>"; };
		84129FC520EB14240072D9F0 /* Assets.xcassets */ = {isa = PBXFileReference; lastKnownFileType = folder.assetcatalog; path = Assets.xcassets; sourceTree = "<group>"; };
		84129FC820EB14240072D9F0 /* Base */ = {isa = PBXFileReference; lastKnownFileType = file.storyboard; name = Base; path = Base.lproj/LaunchScreen.storyboard; sourceTree = "<group>"; };
		84129FCA20EB14240072D9F0 /* Info.plist */ = {isa = PBXFileReference; lastKnownFileType = text.plist.xml; path = Info.plist; sourceTree = "<group>"; };
		84129FCB20EB14240072D9F0 /* main.m */ = {isa = PBXFileReference; lastKnownFileType = sourcecode.c.objc; path = main.m; sourceTree = "<group>"; };
		84129FD120EB14240072D9F0 /* XDMenuViewExampleTests.xctest */ = {isa = PBXFileReference; explicitFileType = wrapper.cfbundle; includeInIndex = 0; path = XDMenuViewExampleTests.xctest; sourceTree = BUILT_PRODUCTS_DIR; };
		84129FD520EB14240072D9F0 /* XDMenuViewExampleTests.m */ = {isa = PBXFileReference; lastKnownFileType = sourcecode.c.objc; path = XDMenuViewExampleTests.m; sourceTree = "<group>"; };
		84129FD720EB14240072D9F0 /* Info.plist */ = {isa = PBXFileReference; lastKnownFileType = text.plist.xml; path = Info.plist; sourceTree = "<group>"; };
		84129FDC20EB14240072D9F0 /* XDMenuViewExampleUITests.xctest */ = {isa = PBXFileReference; explicitFileType = wrapper.cfbundle; includeInIndex = 0; path = XDMenuViewExampleUITests.xctest; sourceTree = BUILT_PRODUCTS_DIR; };
		84129FE020EB14240072D9F0 /* XDMenuViewExampleUITests.m */ = {isa = PBXFileReference; lastKnownFileType = sourcecode.c.objc; path = XDMenuViewExampleUITests.m; sourceTree = "<group>"; };
		84129FE220EB14240072D9F0 /* Info.plist */ = {isa = PBXFileReference; lastKnownFileType = text.plist.xml; path = Info.plist; sourceTree = "<group>"; };
		84129FEF20EB15220072D9F0 /* XDMenuView.m */ = {isa = PBXFileReference; fileEncoding = 4; lastKnownFileType = sourcecode.c.objc; path = XDMenuView.m; sourceTree = "<group>"; };
		84129FF020EB15220072D9F0 /* XDMenuPopoverBackgroundView.h */ = {isa = PBXFileReference; fileEncoding = 4; lastKnownFileType = sourcecode.c.h; path = XDMenuPopoverBackgroundView.h; sourceTree = "<group>"; };
		84129FF120EB15220072D9F0 /* XDMenuView.h */ = {isa = PBXFileReference; fileEncoding = 4; lastKnownFileType = sourcecode.c.h; path = XDMenuView.h; sourceTree = "<group>"; };
		84129FF220EB15220072D9F0 /* XDMenuPopoverBackgroundView.m */ = {isa = PBXFileReference; fileEncoding = 4; lastKnownFileType = sourcecode.c.objc; path = XDMenuPopoverBackgroundView.m; sourceTree = "<group>"; };
		B5B2AF66A348D34E6BDF779E /* Pods-XDMenuViewExample.debug.xcconfig */ = {isa = PBXFileReference; includeInIndex = 1; lastKnownFileType = text.xcconfig; name = "Pods-XDMenuViewExample.debug.xcconfig"; path = "Pods/Target Support Files/Pods-XDMenuViewExample/Pods-XDMenuViewExample.debug.xcconfig"; sourceTree = "<group>"; };
		DE394260A5ACEE9F0B8AD845 /* libPods-XDMenuViewExample.a */ = {isa = PBXFileReference; explicitFileType = archive.ar; includeInIndex = 0; path = "libPods-XDMenuViewExample.a"; sourceTree = BUILT_PRODUCTS_DIR; };
		F0174BC8346D37205A4F8734 /* Pods-XDMenuViewExample.release.xcconfig */ = {isa = PBXFileReference; includeInIndex = 1; lastKnownFileType = text.xcconfig; name = "Pods-XDMenuViewExample.release.xcconfig"; path = "Pods/Target Support Files/Pods-XDMenuViewExample/Pods-XDMenuViewExample.release.xcconfig"; sourceTree = "<group>"; };
/* End PBXFileReference section */

/* Begin PBXFrameworksBuildPhase section */
		84129FB620EB14230072D9F0 /* Frameworks */ = {
			isa = PBXFrameworksBuildPhase;
			buildActionMask = 2147483647;
			files = (
				F50397C240B74B8E592F9A36 /* libPods-XDMenuViewExample.a in Frameworks */,
			);
			runOnlyForDeploymentPostprocessing = 0;
		};
		84129FCE20EB14240072D9F0 /* Frameworks */ = {
			isa = PBXFrameworksBuildPhase;
			buildActionMask = 2147483647;
			files = (
			);
			runOnlyForDeploymentPostprocessing = 0;
		};
		84129FD920EB14240072D9F0 /* Frameworks */ = {
			isa = PBXFrameworksBuildPhase;
			buildActionMask = 2147483647;
			files = (
			);
			runOnlyForDeploymentPostprocessing = 0;
		};
/* End PBXFrameworksBuildPhase section */

/* Begin PBXGroup section */
		4784E4F98A6C6E6D1AC8DCAB /* Pods */ = {
			isa = PBXGroup;
			children = (
				B5B2AF66A348D34E6BDF779E /* Pods-XDMenuViewExample.debug.xcconfig */,
				F0174BC8346D37205A4F8734 /* Pods-XDMenuViewExample.release.xcconfig */,
			);
			name = Pods;
			sourceTree = "<group>";
		};
		808E9D21E5353171DAE88E28 /* Frameworks */ = {
			isa = PBXGroup;
			children = (
				DE394260A5ACEE9F0B8AD845 /* libPods-XDMenuViewExample.a */,
			);
			name = Frameworks;
			sourceTree = "<group>";
		};
		84129FB020EB14220072D9F0 = {
			isa = PBXGroup;
			children = (
				84129FBB20EB14230072D9F0 /* XDMenuViewExample */,
				84129FD420EB14240072D9F0 /* XDMenuViewExampleTests */,
				84129FDF20EB14240072D9F0 /* XDMenuViewExampleUITests */,
				84129FBA20EB14230072D9F0 /* Products */,
				4784E4F98A6C6E6D1AC8DCAB /* Pods */,
				808E9D21E5353171DAE88E28 /* Frameworks */,
			);
			sourceTree = "<group>";
		};
		84129FBA20EB14230072D9F0 /* Products */ = {
			isa = PBXGroup;
			children = (
				84129FB920EB14230072D9F0 /* XDMenuViewExample.app */,
				84129FD120EB14240072D9F0 /* XDMenuViewExampleTests.xctest */,
				84129FDC20EB14240072D9F0 /* XDMenuViewExampleUITests.xctest */,
			);
			name = Products;
			sourceTree = "<group>";
		};
		84129FBB20EB14230072D9F0 /* XDMenuViewExample */ = {
			isa = PBXGroup;
			children = (
				84129FEE20EB15220072D9F0 /* XDMenu */,
				84129FBC20EB14230072D9F0 /* AppDelegate.h */,
				84129FBD20EB14230072D9F0 /* AppDelegate.m */,
				84129FBF20EB14230072D9F0 /* ViewController.h */,
				84129FC020EB14230072D9F0 /* ViewController.m */,
				84129FC220EB14230072D9F0 /* Main.storyboard */,
				84129FC520EB14240072D9F0 /* Assets.xcassets */,
				84129FC720EB14240072D9F0 /* LaunchScreen.storyboard */,
				84129FCA20EB14240072D9F0 /* Info.plist */,
				84129FCB20EB14240072D9F0 /* main.m */,
			);
			path = XDMenuViewExample;
			sourceTree = "<group>";
		};
		84129FD420EB14240072D9F0 /* XDMenuViewExampleTests */ = {
			isa = PBXGroup;
			children = (
				84129FD520EB14240072D9F0 /* XDMenuViewExampleTests.m */,
				84129FD720EB14240072D9F0 /* Info.plist */,
			);
			path = XDMenuViewExampleTests;
			sourceTree = "<group>";
		};
		84129FDF20EB14240072D9F0 /* XDMenuViewExampleUITests */ = {
			isa = PBXGroup;
			children = (
				84129FE020EB14240072D9F0 /* XDMenuViewExampleUITests.m */,
				84129FE220EB14240072D9F0 /* Info.plist */,
			);
			path = XDMenuViewExampleUITests;
			sourceTree = "<group>";
		};
		84129FEE20EB15220072D9F0 /* XDMenu */ = {
			isa = PBXGroup;
			children = (
				84129FF120EB15220072D9F0 /* XDMenuView.h */,
				84129FEF20EB15220072D9F0 /* XDMenuView.m */,
				84129FF020EB15220072D9F0 /* XDMenuPopoverBackgroundView.h */,
				84129FF220EB15220072D9F0 /* XDMenuPopoverBackgroundView.m */,
			);
			path = XDMenu;
			sourceTree = "<group>";
		};
/* End PBXGroup section */

/* Begin PBXNativeTarget section */
		84129FB820EB14230072D9F0 /* XDMenuViewExample */ = {
			isa = PBXNativeTarget;
			buildConfigurationList = 84129FE520EB14240072D9F0 /* Build configuration list for PBXNativeTarget "XDMenuViewExample" */;
			buildPhases = (
				79F282F440EA5DEA5D4693A5 /* [CP] Check Pods Manifest.lock */,
				84129FB520EB14230072D9F0 /* Sources */,
				84129FB620EB14230072D9F0 /* Frameworks */,
				84129FB720EB14230072D9F0 /* Resources */,
				C1639BB716F66D4B60A9DE1B /* [CP] Embed Pods Frameworks */,
				D0949B2B1ACCBCE5DF7F6A4C /* [CP] Copy Pods Resources */,
			);
			buildRules = (
			);
			dependencies = (
			);
			name = XDMenuViewExample;
			productName = XDMenuViewExample;
			productReference = 84129FB920EB14230072D9F0 /* XDMenuViewExample.app */;
			productType = "com.apple.product-type.application";
		};
		84129FD020EB14240072D9F0 /* XDMenuViewExampleTests */ = {
			isa = PBXNativeTarget;
			buildConfigurationList = 84129FE820EB14240072D9F0 /* Build configuration list for PBXNativeTarget "XDMenuViewExampleTests" */;
			buildPhases = (
				84129FCD20EB14240072D9F0 /* Sources */,
				84129FCE20EB14240072D9F0 /* Frameworks */,
				84129FCF20EB14240072D9F0 /* Resources */,
			);
			buildRules = (
			);
			dependencies = (
				84129FD320EB14240072D9F0 /* PBXTargetDependency */,
			);
			name = XDMenuViewExampleTests;
			productName = XDMenuViewExampleTests;
			productReference = 84129FD120EB14240072D9F0 /* XDMenuViewExampleTests.xctest */;
			productType = "com.apple.product-type.bundle.unit-test";
		};
		84129FDB20EB14240072D9F0 /* XDMenuViewExampleUITests */ = {
			isa = PBXNativeTarget;
			buildConfigurationList = 84129FEB20EB14240072D9F0 /* Build configuration list for PBXNativeTarget "XDMenuViewExampleUITests" */;
			buildPhases = (
				84129FD820EB14240072D9F0 /* Sources */,
				84129FD920EB14240072D9F0 /* Frameworks */,
				84129FDA20EB14240072D9F0 /* Resources */,
			);
			buildRules = (
			);
			dependencies = (
				84129FDE20EB14240072D9F0 /* PBXTargetDependency */,
			);
			name = XDMenuViewExampleUITests;
			productName = XDMenuViewExampleUITests;
			productReference = 84129FDC20EB14240072D9F0 /* XDMenuViewExampleUITests.xctest */;
			productType = "com.apple.product-type.bundle.ui-testing";
		};
/* End PBXNativeTarget section */

/* Begin PBXProject section */
		84129FB120EB14220072D9F0 /* Project object */ = {
			isa = PBXProject;
			attributes = {
				LastUpgradeCheck = 0940;
				ORGANIZATIONNAME = "李信达";
				TargetAttributes = {
					84129FB820EB14230072D9F0 = {
						CreatedOnToolsVersion = 9.4.1;
					};
					84129FD020EB14240072D9F0 = {
						CreatedOnToolsVersion = 9.4.1;
						TestTargetID = 84129FB820EB14230072D9F0;
					};
					84129FDB20EB14240072D9F0 = {
						CreatedOnToolsVersion = 9.4.1;
						TestTargetID = 84129FB820EB14230072D9F0;
					};
				};
			};
			buildConfigurationList = 84129FB420EB14220072D9F0 /* Build configuration list for PBXProject "XDMenuViewExample" */;
			compatibilityVersion = "Xcode 9.3";
			developmentRegion = en;
			hasScannedForEncodings = 0;
			knownRegions = (
				en,
				Base,
			);
			mainGroup = 84129FB020EB14220072D9F0;
			productRefGroup = 84129FBA20EB14230072D9F0 /* Products */;
			projectDirPath = "";
			projectRoot = "";
			targets = (
				84129FB820EB14230072D9F0 /* XDMenuViewExample */,
				84129FD020EB14240072D9F0 /* XDMenuViewExampleTests */,
				84129FDB20EB14240072D9F0 /* XDMenuViewExampleUITests */,
			);
		};
/* End PBXProject section */

/* Begin PBXResourcesBuildPhase section */
		84129FB720EB14230072D9F0 /* Resources */ = {
			isa = PBXResourcesBuildPhase;
			buildActionMask = 2147483647;
			files = (
				84129FC920EB14240072D9F0 /* LaunchScreen.storyboard in Resources */,
				84129FC620EB14240072D9F0 /* Assets.xcassets in Resources */,
				84129FC420EB14230072D9F0 /* Main.storyboard in Resources */,
			);
			runOnlyForDeploymentPostprocessing = 0;
		};
		84129FCF20EB14240072D9F0 /* Resources */ = {
			isa = PBXResourcesBuildPhase;
			buildActionMask = 2147483647;
			files = (
			);
			runOnlyForDeploymentPostprocessing = 0;
		};
		84129FDA20EB14240072D9F0 /* Resources */ = {
			isa = PBXResourcesBuildPhase;
			buildActionMask = 2147483647;
			files = (
			);
			runOnlyForDeploymentPostprocessing = 0;
		};
/* End PBXResourcesBuildPhase section */

/* Begin PBXShellScriptBuildPhase section */
		79F282F440EA5DEA5D4693A5 /* [CP] Check Pods Manifest.lock */ = {
			isa = PBXShellScriptBuildPhase;
			buildActionMask = 2147483647;
			files = (
			);
			inputPaths = (
				"${PODS_PODFILE_DIR_PATH}/Podfile.lock",
				"${PODS_ROOT}/Manifest.lock",
			);
			name = "[CP] Check Pods Manifest.lock";
			outputPaths = (
				"$(DERIVED_FILE_DIR)/Pods-XDMenuViewExample-checkManifestLockResult.txt",
			);
			runOnlyForDeploymentPostprocessing = 0;
			shellPath = /bin/sh;
			shellScript = "diff \"${PODS_PODFILE_DIR_PATH}/Podfile.lock\" \"${PODS_ROOT}/Manifest.lock\" > /dev/null\nif [ $? != 0 ] ; then\n    # print error to STDERR\n    echo \"error: The sandbox is not in sync with the Podfile.lock. Run 'pod install' or update your CocoaPods installation.\" >&2\n    exit 1\nfi\n# This output is used by Xcode 'outputs' to avoid re-running this script phase.\necho \"SUCCESS\" > \"${SCRIPT_OUTPUT_FILE_0}\"\n";
			showEnvVarsInLog = 0;
		};
		C1639BB716F66D4B60A9DE1B /* [CP] Embed Pods Frameworks */ = {
			isa = PBXShellScriptBuildPhase;
			buildActionMask = 2147483647;
			files = (
			);
			inputPaths = (
			);
			name = "[CP] Embed Pods Frameworks";
			outputPaths = (
			);
			runOnlyForDeploymentPostprocessing = 0;
			shellPath = /bin/sh;
			shellScript = "\"${SRCROOT}/Pods/Target Support Files/Pods-XDMenuViewExample/Pods-XDMenuViewExample-frameworks.sh\"\n";
			showEnvVarsInLog = 0;
		};
		D0949B2B1ACCBCE5DF7F6A4C /* [CP] Copy Pods Resources */ = {
			isa = PBXShellScriptBuildPhase;
			buildActionMask = 2147483647;
			files = (
			);
			inputPaths = (
			);
			name = "[CP] Copy Pods Resources";
			outputPaths = (
			);
			runOnlyForDeploymentPostprocessing = 0;
			shellPath = /bin/sh;
			shellScript = "\"${SRCROOT}/Pods/Target Support Files/Pods-XDMenuViewExample/Pods-XDMenuViewExample-resources.sh\"\n";
			showEnvVarsInLog = 0;
		};
/* End PBXShellScriptBuildPhase section */

/* Begin PBXSourcesBuildPhase section */
		84129FB520EB14230072D9F0 /* Sources */ = {
			isa = PBXSourcesBuildPhase;
			buildActionMask = 2147483647;
			files = (
				84129FC120EB14230072D9F0 /* ViewController.m in Sources */,
				84129FCC20EB14240072D9F0 /* main.m in Sources */,
				84129FBE20EB14230072D9F0 /* AppDelegate.m in Sources */,
				84129FF420EB15220072D9F0 /* XDMenuPopoverBackgroundView.m in Sources */,
				84129FF320EB15220072D9F0 /* XDMenuView.m in Sources */,
			);
			runOnlyForDeploymentPostprocessing = 0;
		};
		84129FCD20EB14240072D9F0 /* Sources */ = {
			isa = PBXSourcesBuildPhase;
			buildActionMask = 2147483647;
			files = (
				84129FD620EB14240072D9F0 /* XDMenuViewExampleTests.m in Sources */,
			);
			runOnlyForDeploymentPostprocessing = 0;
		};
		84129FD820EB14240072D9F0 /* Sources */ = {
			isa = PBXSourcesBuildPhase;
			buildActionMask = 2147483647;
			files = (
				84129FE120EB14240072D9F0 /* XDMenuViewExampleUITests.m in Sources */,
			);
			runOnlyForDeploymentPostprocessing = 0;
		};
/* End PBXSourcesBuildPhase section */

/* Begin PBXTargetDependency section */
		84129FD320EB14240072D9F0 /* PBXTargetDependency */ = {
			isa = PBXTargetDependency;
			target = 84129FB820EB14230072D9F0 /* XDMenuViewExample */;
			targetProxy = 84129FD220EB14240072D9F0 /* PBXContainerItemProxy */;
		};
		84129FDE20EB14240072D9F0 /* PBXTargetDependency */ = {
			isa = PBXTargetDependency;
			target = 84129FB820EB14230072D9F0 /* XDMenuViewExample */;
			targetProxy = 84129FDD20EB14240072D9F0 /* PBXContainerItemProxy */;
		};
/* End PBXTargetDependency section */

/* Begin PBXVariantGroup section */
		84129FC220EB14230072D9F0 /* Main.storyboard */ = {
			isa = PBXVariantGroup;
			children = (
				84129FC320EB14230072D9F0 /* Base */,
			);
			name = Main.storyboard;
			sourceTree = "<group>";
		};
		84129FC720EB14240072D9F0 /* LaunchScreen.storyboard */ = {
			isa = PBXVariantGroup;
			children = (
				84129FC820EB14240072D9F0 /* Base */,
			);
			name = LaunchScreen.storyboard;
			sourceTree = "<group>";
		};
/* End PBXVariantGroup section */

/* Begin XCBuildConfiguration section */
		84129FE320EB14240072D9F0 /* Debug */ = {
			isa = XCBuildConfiguration;
			buildSettings = {
				ALWAYS_SEARCH_USER_PATHS = NO;
				CLANG_ANALYZER_NONNULL = YES;
				CLANG_ANALYZER_NUMBER_OBJECT_CONVERSION = YES_AGGRESSIVE;
				CLANG_CXX_LANGUAGE_STANDARD = "gnu++14";
				CLANG_CXX_LIBRARY = "libc++";
				CLANG_ENABLE_MODULES = YES;
				CLANG_ENABLE_OBJC_ARC = YES;
				CLANG_ENABLE_OBJC_WEAK = YES;
				CLANG_WARN_BLOCK_CAPTURE_AUTORELEASING = YES;
				CLANG_WARN_BOOL_CONVERSION = YES;
				CLANG_WARN_COMMA = YES;
				CLANG_WARN_CONSTANT_CONVERSION = YES;
				CLANG_WARN_DEPRECATED_OBJC_IMPLEMENTATIONS = YES;
				CLANG_WARN_DIRECT_OBJC_ISA_USAGE = YES_ERROR;
				CLANG_WARN_DOCUMENTATION_COMMENTS = YES;
				CLANG_WARN_EMPTY_BODY = YES;
				CLANG_WARN_ENUM_CONVERSION = YES;
				CLANG_WARN_INFINITE_RECURSION = YES;
				CLANG_WARN_INT_CONVERSION = YES;
				CLANG_WARN_NON_LITERAL_NULL_CONVERSION = YES;
				CLANG_WARN_OBJC_IMPLICIT_RETAIN_SELF = YES;
				CLANG_WARN_OBJC_LITERAL_CONVERSION = YES;
				CLANG_WARN_OBJC_ROOT_CLASS = YES_ERROR;
				CLANG_WARN_RANGE_LOOP_ANALYSIS = YES;
				CLANG_WARN_STRICT_PROTOTYPES = YES;
				CLANG_WARN_SUSPICIOUS_MOVE = YES;
				CLANG_WARN_UNGUARDED_AVAILABILITY = YES_AGGRESSIVE;
				CLANG_WARN_UNREACHABLE_CODE = YES;
				CLANG_WARN__DUPLICATE_METHOD_MATCH = YES;
				CODE_SIGN_IDENTITY = "iPhone Developer";
				COPY_PHASE_STRIP = NO;
				DEBUG_INFORMATION_FORMAT = dwarf;
				ENABLE_STRICT_OBJC_MSGSEND = YES;
				ENABLE_TESTABILITY = YES;
				GCC_C_LANGUAGE_STANDARD = gnu11;
				GCC_DYNAMIC_NO_PIC = NO;
				GCC_NO_COMMON_BLOCKS = YES;
				GCC_OPTIMIZATION_LEVEL = 0;
				GCC_PREPROCESSOR_DEFINITIONS = (
					"DEBUG=1",
					"$(inherited)",
				);
				GCC_WARN_64_TO_32_BIT_CONVERSION = YES;
				GCC_WARN_ABOUT_RETURN_TYPE = YES_ERROR;
				GCC_WARN_UNDECLARED_SELECTOR = YES;
				GCC_WARN_UNINITIALIZED_AUTOS = YES_AGGRESSIVE;
				GCC_WARN_UNUSED_FUNCTION = YES;
				GCC_WARN_UNUSED_VARIABLE = YES;
				IPHONEOS_DEPLOYMENT_TARGET = 11.4;
				MTL_ENABLE_DEBUG_INFO = YES;
				ONLY_ACTIVE_ARCH = YES;
				SDKROOT = iphoneos;
			};
			name = Debug;
		};
		84129FE420EB14240072D9F0 /* Release */ = {
			isa = XCBuildConfiguration;
			buildSettings = {
				ALWAYS_SEARCH_USER_PATHS = NO;
				CLANG_ANALYZER_NONNULL = YES;
				CLANG_ANALYZER_NUMBER_OBJECT_CONVERSION = YES_AGGRESSIVE;
				CLANG_CXX_LANGUAGE_STANDARD = "gnu++14";
				CLANG_CXX_LIBRARY = "libc++";
				CLANG_ENABLE_MODULES = YES;
				CLANG_ENABLE_OBJC_ARC = YES;
				CLANG_ENABLE_OBJC_WEAK = YES;
				CLANG_WARN_BLOCK_CAPTURE_AUTORELEASING = YES;
				CLANG_WARN_BOOL_CONVERSION = YES;
				CLANG_WARN_COMMA = YES;
				CLANG_WARN_CONSTANT_CONVERSION = YES;
				CLANG_WARN_DEPRECATED_OBJC_IMPLEMENTATIONS = YES;
				CLANG_WARN_DIRECT_OBJC_ISA_USAGE = YES_ERROR;
				CLANG_WARN_DOCUMENTATION_COMMENTS = YES;
				CLANG_WARN_EMPTY_BODY = YES;
				CLANG_WARN_ENUM_CONVERSION = YES;
				CLANG_WARN_INFINITE_RECURSION = YES;
				CLANG_WARN_INT_CONVERSION = YES;
				CLANG_WARN_NON_LITERAL_NULL_CONVERSION = YES;
				CLANG_WARN_OBJC_IMPLICIT_RETAIN_SELF = YES;
				CLANG_WARN_OBJC_LITERAL_CONVERSION = YES;
				CLANG_WARN_OBJC_ROOT_CLASS = YES_ERROR;
				CLANG_WARN_RANGE_LOOP_ANALYSIS = YES;
				CLANG_WARN_STRICT_PROTOTYPES = YES;
				CLANG_WARN_SUSPICIOUS_MOVE = YES;
				CLANG_WARN_UNGUARDED_AVAILABILITY = YES_AGGRESSIVE;
				CLANG_WARN_UNREACHABLE_CODE = YES;
				CLANG_WARN__DUPLICATE_METHOD_MATCH = YES;
				CODE_SIGN_IDENTITY = "iPhone Developer";
				COPY_PHASE_STRIP = NO;
				DEBUG_INFORMATION_FORMAT = "dwarf-with-dsym";
				ENABLE_NS_ASSERTIONS = NO;
				ENABLE_STRICT_OBJC_MSGSEND = YES;
				GCC_C_LANGUAGE_STANDARD = gnu11;
				GCC_NO_COMMON_BLOCKS = YES;
				GCC_WARN_64_TO_32_BIT_CONVERSION = YES;
				GCC_WARN_ABOUT_RETURN_TYPE = YES_ERROR;
				GCC_WARN_UNDECLARED_SELECTOR = YES;
				GCC_WARN_UNINITIALIZED_AUTOS = YES_AGGRESSIVE;
				GCC_WARN_UNUSED_FUNCTION = YES;
				GCC_WARN_UNUSED_VARIABLE = YES;
				IPHONEOS_DEPLOYMENT_TARGET = 11.4;
				MTL_ENABLE_DEBUG_INFO = NO;
				SDKROOT = iphoneos;
				VALIDATE_PRODUCT = YES;
			};
			name = Release;
		};
		84129FE620EB14240072D9F0 /* Debug */ = {
			isa = XCBuildConfiguration;
			baseConfigurationReference = B5B2AF66A348D34E6BDF779E /* Pods-XDMenuViewExample.debug.xcconfig */;
			buildSettings = {
				ASSETCATALOG_COMPILER_APPICON_NAME = AppIcon;
				CODE_SIGN_STYLE = Automatic;
				DEVELOPMENT_TEAM = 9XFC8D8AUK;
				INFOPLIST_FILE = XDMenuViewExample/Info.plist;
				LD_RUNPATH_SEARCH_PATHS = (
					"$(inherited)",
					"@executable_path/Frameworks",
				);
				PRODUCT_BUNDLE_IDENTIFIER = com.lxd.test.XDMenuViewExample;
				PRODUCT_NAME = "$(TARGET_NAME)";
				TARGETED_DEVICE_FAMILY = "1,2";
			};
			name = Debug;
		};
		84129FE720EB14240072D9F0 /* Release */ = {
			isa = XCBuildConfiguration;
			baseConfigurationReference = F0174BC8346D37205A4F8734 /* Pods-XDMenuViewExample.release.xcconfig */;
			buildSettings = {
				ASSETCATALOG_COMPILER_APPICON_NAME = AppIcon;
				CODE_SIGN_STYLE = Automatic;
				DEVELOPMENT_TEAM = 9XFC8D8AUK;
				INFOPLIST_FILE = XDMenuViewExample/Info.plist;
				LD_RUNPATH_SEARCH_PATHS = (
					"$(inherited)",
					"@executable_path/Frameworks",
				);
				PRODUCT_BUNDLE_IDENTIFIER = com.lxd.test.XDMenuViewExample;
				PRODUCT_NAME = "$(TARGET_NAME)";
				TARGETED_DEVICE_FAMILY = "1,2";
			};
			name = Release;
		};
		84129FE920EB14240072D9F0 /* Debug */ = {
			isa = XCBuildConfiguration;
			buildSettings = {
				BUNDLE_LOADER = "$(TEST_HOST)";
				CODE_SIGN_STYLE = Automatic;
				DEVELOPMENT_TEAM = 9XFC8D8AUK;
				INFOPLIST_FILE = XDMenuViewExampleTests/Info.plist;
				LD_RUNPATH_SEARCH_PATHS = (
					"$(inherited)",
					"@executable_path/Frameworks",
					"@loader_path/Frameworks",
				);
				PRODUCT_BUNDLE_IDENTIFIER = com.lxd.test.XDMenuViewExampleTests;
				PRODUCT_NAME = "$(TARGET_NAME)";
				TARGETED_DEVICE_FAMILY = "1,2";
				TEST_HOST = "$(BUILT_PRODUCTS_DIR)/XDMenuViewExample.app/XDMenuViewExample";
			};
			name = Debug;
		};
		84129FEA20EB14240072D9F0 /* Release */ = {
			isa = XCBuildConfiguration;
			buildSettings = {
				BUNDLE_LOADER = "$(TEST_HOST)";
				CODE_SIGN_STYLE = Automatic;
				DEVELOPMENT_TEAM = 9XFC8D8AUK;
				INFOPLIST_FILE = XDMenuViewExampleTests/Info.plist;
				LD_RUNPATH_SEARCH_PATHS = (
					"$(inherited)",
					"@executable_path/Frameworks",
					"@loader_path/Frameworks",
				);
				PRODUCT_BUNDLE_IDENTIFIER = com.lxd.test.XDMenuViewExampleTests;
				PRODUCT_NAME = "$(TARGET_NAME)";
				TARGETED_DEVICE_FAMILY = "1,2";
				TEST_HOST = "$(BUILT_PRODUCTS_DIR)/XDMenuViewExample.app/XDMenuViewExample";
			};
			name = Release;
		};
		84129FEC20EB14240072D9F0 /* Debug */ = {
			isa = XCBuildConfiguration;
			buildSettings = {
				CODE_SIGN_STYLE = Automatic;
				DEVELOPMENT_TEAM = 9XFC8D8AUK;
				INFOPLIST_FILE = XDMenuViewExampleUITests/Info.plist;
				LD_RUNPATH_SEARCH_PATHS = (
					"$(inherited)",
					"@executable_path/Frameworks",
					"@loader_path/Frameworks",
				);
				PRODUCT_BUNDLE_IDENTIFIER = com.lxd.test.XDMenuViewExampleUITests;
				PRODUCT_NAME = "$(TARGET_NAME)";
				TARGETED_DEVICE_FAMILY = "1,2";
				TEST_TARGET_NAME = XDMenuViewExample;
			};
			name = Debug;
		};
		84129FED20EB14240072D9F0 /* Release */ = {
			isa = XCBuildConfiguration;
			buildSettings = {
				CODE_SIGN_STYLE = Automatic;
				DEVELOPMENT_TEAM = 9XFC8D8AUK;
				INFOPLIST_FILE = XDMenuViewExampleUITests/Info.plist;
				LD_RUNPATH_SEARCH_PATHS = (
					"$(inherited)",
					"@executable_path/Frameworks",
					"@loader_path/Frameworks",
				);
				PRODUCT_BUNDLE_IDENTIFIER = com.lxd.test.XDMenuViewExampleUITests;
				PRODUCT_NAME = "$(TARGET_NAME)";
				TARGETED_DEVICE_FAMILY = "1,2";
				TEST_TARGET_NAME = XDMenuViewExample;
			};
			name = Release;
		};
/* End XCBuildConfiguration section */

/* Begin XCConfigurationList section */
		84129FB420EB14220072D9F0 /* Build configuration list for PBXProject "XDMenuViewExample" */ = {
			isa = XCConfigurationList;
			buildConfigurations = (
				84129FE320EB14240072D9F0 /* Debug */,
				84129FE420EB14240072D9F0 /* Release */,
			);
			defaultConfigurationIsVisible = 0;
			defaultConfigurationName = Release;
		};
		84129FE520EB14240072D9F0 /* Build configuration list for PBXNativeTarget "XDMenuViewExample" */ = {
			isa = XCConfigurationList;
			buildConfigurations = (
				84129FE620EB14240072D9F0 /* Debug */,
				84129FE720EB14240072D9F0 /* Release */,
			);
			defaultConfigurationIsVisible = 0;
			defaultConfigurationName = Release;
		};
		84129FE820EB14240072D9F0 /* Build configuration list for PBXNativeTarget "XDMenuViewExampleTests" */ = {
			isa = XCConfigurationList;
			buildConfigurations = (
				84129FE920EB14240072D9F0 /* Debug */,
				84129FEA20EB14240072D9F0 /* Release */,
			);
			defaultConfigurationIsVisible = 0;
			defaultConfigurationName = Release;
		};
		84129FEB20EB14240072D9F0 /* Build configuration list for PBXNativeTarget "XDMenuViewExampleUITests" */ = {
			isa = XCConfigurationList;
			buildConfigurations = (
				84129FEC20EB14240072D9F0 /* Debug */,
				84129FED20EB14240072D9F0 /* Release */,
			);
			defaultConfigurationIsVisible = 0;
			defaultConfigurationName = Release;
		};
/* End XCConfigurationList section */
	};
	rootObject = 84129FB120EB14220072D9F0 /* Project object */;
}
